
Microsoft Visual Studio Solution File, Format Version 12.00
# Visual Studio Version 17
VisualStudioVersion = 17.14.37203.1 d17.14
MinimumVisualStudioVersion = 10.0.40219.1
Project("{FAE04EC0-301F-11D3-BF4B-00C04F79EFBC}") = "ExamenPracticoSailorMoon", "ExamenPracticoSailorMoon\ExamenPracticoSailorMoon.csproj", "{BBEEC7B7-78E2-4299-B2E3-74328F52485E}"
EndProject
Global
	GlobalSection(SolutionConfigurationPlatforms) = preSolution
		Debug|Any CPU = Debug|Any CPU
		Release|Any CPU = Release|Any CPU
	EndGlobalSection
	GlobalSection(ProjectConfigurationPlatforms) = postSolution
		{BBEEC7B7-78E2-4299-B2E3-74328F52485E}.Debug|Any CPU.ActiveCfg = Debug|Any CPU
		{BBEEC7B7-78E2-4299-B2E3-74328F52485E}.Debug|Any CPU.Build.0 = Debug|Any CPU
		{BBEEC7B7-78E2-4299-B2E3-74328F52485E}.Release|Any CPU.ActiveCfg = Release|Any CPU
		{BBEEC7B7-78E2-4299-B2E3-74328F52485E}.Release|Any CPU.Build.0 = Release|Any CPU
	EndGlobalSection
	GlobalSection(SolutionProperties) = preSolution
		HideSolutionNode = FALSE
	EndGlobalSection
	GlobalSection(ExtensibilityGlobals) = postSolution
		SolutionGuid = {FD296DDD-BC51-468B-A382-62D8775617AD}
	EndGlobalSection
EndGlobal
