
Microsoft Visual Studio Solution File, Format Version 12.00
# Visual Studio Version 17
VisualStudioVersion = 17.14.37216.2 d17.14
MinimumVisualStudioVersion = 10.0.40219.1
Project("{FAE04EC0-301F-11D3-BF4B-00C04F79EFBC}") = "ApiEscuela", "ApiEscuela\ApiEscuela.csproj", "{A6BF0B5F-3E18-4A8E-ADCA-0A97AC428837}"
EndProject
Global
	GlobalSection(SolutionConfigurationPlatforms) = preSolution
		Debug|Any CPU = Debug|Any CPU
		Release|Any CPU = Release|Any CPU
	EndGlobalSection
	GlobalSection(ProjectConfigurationPlatforms) = postSolution
		{A6BF0B5F-3E18-4A8E-ADCA-0A97AC428837}.Debug|Any CPU.ActiveCfg = Debug|Any CPU
		{A6BF0B5F-3E18-4A8E-ADCA-0A97AC428837}.Debug|Any CPU.Build.0 = Debug|Any CPU
		{A6BF0B5F-3E18-4A8E-ADCA-0A97AC428837}.Release|Any CPU.ActiveCfg = Release|Any CPU
		{A6BF0B5F-3E18-4A8E-ADCA-0A97AC428837}.Release|Any CPU.Build.0 = Release|Any CPU
	EndGlobalSection
	GlobalSection(SolutionProperties) = preSolution
		HideSolutionNode = FALSE
	EndGlobalSection
	GlobalSection(ExtensibilityGlobals) = postSolution
		SolutionGuid = {03E1622B-8293-4B45-9CB5-712415618B87}
	EndGlobalSection
EndGlobal
