
Microsoft Visual Studio Solution File, Format Version 12.00
# Visual Studio Version 17
VisualStudioVersion = 17.14.37314.3 d17.14
MinimumVisualStudioVersion = 10.0.40219.1
Project("{FAE04EC0-301F-11D3-BF4B-00C04F79EFBC}") = "S14_P4", "S14_P4\S14_P4.csproj", "{39447EC8-38EC-491A-A106-52D34312528A}"
EndProject
Global
	GlobalSection(SolutionConfigurationPlatforms) = preSolution
		Debug|Any CPU = Debug|Any CPU
		Release|Any CPU = Release|Any CPU
	EndGlobalSection
	GlobalSection(ProjectConfigurationPlatforms) = postSolution
		{39447EC8-38EC-491A-A106-52D34312528A}.Debug|Any CPU.ActiveCfg = Debug|Any CPU
		{39447EC8-38EC-491A-A106-52D34312528A}.Debug|Any CPU.Build.0 = Debug|Any CPU
		{39447EC8-38EC-491A-A106-52D34312528A}.Release|Any CPU.ActiveCfg = Release|Any CPU
		{39447EC8-38EC-491A-A106-52D34312528A}.Release|Any CPU.Build.0 = Release|Any CPU
	EndGlobalSection
	GlobalSection(SolutionProperties) = preSolution
		HideSolutionNode = FALSE
	EndGlobalSection
	GlobalSection(ExtensibilityGlobals) = postSolution
		SolutionGuid = {C4FA5EB1-3467-4D2A-BD64-B32105B8F20A}
	EndGlobalSection
EndGlobal
