
Microsoft Visual Studio Solution File, Format Version 12.00
# Visual Studio Version 17
VisualStudioVersion = 17.14.37314.3 d17.14
MinimumVisualStudioVersion = 10.0.40219.1
Project("{FAE04EC0-301F-11D3-BF4B-00C04F79EFBC}") = "Sem11_P4", "Sem11_P4\Sem11_P4.csproj", "{472D8817-FC28-4AD8-B0B7-9E3D155E1AFE}"
EndProject
Global
	GlobalSection(SolutionConfigurationPlatforms) = preSolution
		Debug|Any CPU = Debug|Any CPU
		Release|Any CPU = Release|Any CPU
	EndGlobalSection
	GlobalSection(ProjectConfigurationPlatforms) = postSolution
		{472D8817-FC28-4AD8-B0B7-9E3D155E1AFE}.Debug|Any CPU.ActiveCfg = Debug|Any CPU
		{472D8817-FC28-4AD8-B0B7-9E3D155E1AFE}.Debug|Any CPU.Build.0 = Debug|Any CPU
		{472D8817-FC28-4AD8-B0B7-9E3D155E1AFE}.Release|Any CPU.ActiveCfg = Release|Any CPU
		{472D8817-FC28-4AD8-B0B7-9E3D155E1AFE}.Release|Any CPU.Build.0 = Release|Any CPU
	EndGlobalSection
	GlobalSection(SolutionProperties) = preSolution
		HideSolutionNode = FALSE
	EndGlobalSection
	GlobalSection(ExtensibilityGlobals) = postSolution
		SolutionGuid = {51F62E49-B900-49DE-B9FE-7DE95E13E30A}
	EndGlobalSection
EndGlobal
