
Microsoft Visual Studio Solution File, Format Version 12.00
# Visual Studio Version 17
VisualStudioVersion = 17.14.37111.16 d17.14
MinimumVisualStudioVersion = 10.0.40219.1
Project("{FAE04EC0-301F-11D3-BF4B-00C04F79EFBC}") = "S1_P4_LAB", "S1_P4_LAB\S1_P4_LAB.csproj", "{12BEC974-C88D-4F9E-B1C5-42C09847BD46}"
EndProject
Global
	GlobalSection(SolutionConfigurationPlatforms) = preSolution
		Debug|Any CPU = Debug|Any CPU
		Release|Any CPU = Release|Any CPU
	EndGlobalSection
	GlobalSection(ProjectConfigurationPlatforms) = postSolution
		{12BEC974-C88D-4F9E-B1C5-42C09847BD46}.Debug|Any CPU.ActiveCfg = Debug|Any CPU
		{12BEC974-C88D-4F9E-B1C5-42C09847BD46}.Debug|Any CPU.Build.0 = Debug|Any CPU
		{12BEC974-C88D-4F9E-B1C5-42C09847BD46}.Release|Any CPU.ActiveCfg = Release|Any CPU
		{12BEC974-C88D-4F9E-B1C5-42C09847BD46}.Release|Any CPU.Build.0 = Release|Any CPU
	EndGlobalSection
	GlobalSection(SolutionProperties) = preSolution
		HideSolutionNode = FALSE
	EndGlobalSection
	GlobalSection(ExtensibilityGlobals) = postSolution
		SolutionGuid = {348DE6F3-9B85-474C-B1D6-87542A3F0B79}
	EndGlobalSection
EndGlobal
