
Microsoft Visual Studio Solution File, Format Version 12.00
# Visual Studio Version 17
VisualStudioVersion = 17.14.37301.10 d17.14
MinimumVisualStudioVersion = 10.0.40219.1
Project("{FAE04EC0-301F-11D3-BF4B-00C04F79EFBC}") = "ConsumoApiIA_MVC_Grupo7", "ConsumoApiIA_MVC_Grupo7\ConsumoApiIA_MVC_Grupo7.csproj", "{BFFDB43E-9C6E-4C27-804B-BDB9C0B32406}"
EndProject
Global
	GlobalSection(SolutionConfigurationPlatforms) = preSolution
		Debug|Any CPU = Debug|Any CPU
		Release|Any CPU = Release|Any CPU
	EndGlobalSection
	GlobalSection(ProjectConfigurationPlatforms) = postSolution
		{BFFDB43E-9C6E-4C27-804B-BDB9C0B32406}.Debug|Any CPU.ActiveCfg = Debug|Any CPU
		{BFFDB43E-9C6E-4C27-804B-BDB9C0B32406}.Debug|Any CPU.Build.0 = Debug|Any CPU
		{BFFDB43E-9C6E-4C27-804B-BDB9C0B32406}.Release|Any CPU.ActiveCfg = Release|Any CPU
		{BFFDB43E-9C6E-4C27-804B-BDB9C0B32406}.Release|Any CPU.Build.0 = Release|Any CPU
	EndGlobalSection
	GlobalSection(SolutionProperties) = preSolution
		HideSolutionNode = FALSE
	EndGlobalSection
	GlobalSection(ExtensibilityGlobals) = postSolution
		SolutionGuid = {A6A1940D-6E4A-4BD6-B147-C6C46A4FBAB6}
	EndGlobalSection
EndGlobal
