
Microsoft Visual Studio Solution File, Format Version 12.00
# Visual Studio Version 17
VisualStudioVersion = 17.14.37301.10 d17.14
MinimumVisualStudioVersion = 10.0.40219.1
Project("{FAE04EC0-301F-11D3-BF4B-00C04F79EFBC}") = "S9_P4", "S9_P4\S9_P4.csproj", "{A5B56C00-DADC-45CC-93AA-C944B8790095}"
EndProject
Global
	GlobalSection(SolutionConfigurationPlatforms) = preSolution
		Debug|Any CPU = Debug|Any CPU
		Release|Any CPU = Release|Any CPU
	EndGlobalSection
	GlobalSection(ProjectConfigurationPlatforms) = postSolution
		{A5B56C00-DADC-45CC-93AA-C944B8790095}.Debug|Any CPU.ActiveCfg = Debug|Any CPU
		{A5B56C00-DADC-45CC-93AA-C944B8790095}.Debug|Any CPU.Build.0 = Debug|Any CPU
		{A5B56C00-DADC-45CC-93AA-C944B8790095}.Release|Any CPU.ActiveCfg = Release|Any CPU
		{A5B56C00-DADC-45CC-93AA-C944B8790095}.Release|Any CPU.Build.0 = Release|Any CPU
	EndGlobalSection
	GlobalSection(SolutionProperties) = preSolution
		HideSolutionNode = FALSE
	EndGlobalSection
	GlobalSection(ExtensibilityGlobals) = postSolution
		SolutionGuid = {2B50E265-0931-4148-8206-95E9500C5041}
	EndGlobalSection
EndGlobal
